
Microsoft Visual Studio Solution File, Format Version 12.00
# Visual Studio Version 16
VisualStudioVersion = 16.0.33130.400
MinimumVisualStudioVersion = 10.0.40219.1
Project("{FAE04EC0-301F-11D3-BF4B-00C04F79EFBC}") = "WebAppTutorial", "WebAppTutorial\WebAppTutorial.csproj", "{4EC48737-1418-4684-BFF8-0AD429332F36}"
EndProject
Global
	GlobalSection(SolutionConfigurationPlatforms) = preSolution
		Debug|Any CPU = Debug|Any CPU
		Release|Any CPU = Release|Any CPU
	EndGlobalSection
	GlobalSection(ProjectConfigurationPlatforms) = postSolution
		{4EC48737-1418-4684-BFF8-0AD429332F36}.Debug|Any CPU.ActiveCfg = Debug|Any CPU
		{4EC48737-1418-4684-BFF8-0AD429332F36}.Debug|Any CPU.Build.0 = Debug|Any CPU
		{4EC48737-1418-4684-BFF8-0AD429332F36}.Release|Any CPU.ActiveCfg = Release|Any CPU
		{4EC48737-1418-4684-BFF8-0AD429332F36}.Release|Any CPU.Build.0 = Release|Any CPU
	EndGlobalSection
	GlobalSection(SolutionProperties) = preSolution
		HideSolutionNode = FALSE
	EndGlobalSection
	GlobalSection(ExtensibilityGlobals) = postSolution
		SolutionGuid = {3337A735-3D5A-4341-8032-7635C34C3C6C}
	EndGlobalSection
EndGlobal
